// !$*UTF8*$!
{
	archiveVersion = 1;
	classes = {
	};
	objectVersion = 46;
	objects = {

/* Begin PBXBuildFile section */
		A530DD901E3E9AEA00DAAA02 /* Assets.xcassets in Resources */ = {isa = PBXBuildFile; fileRef = A5FC30C61E353913006CE0D2 /* Assets.xcassets */; };
		A5FC30C01E353913006CE0D2 /* AppDelegate.swift in Sources */ = {isa = PBXBuildFile; fileRef = A5FC30BF1E353913006CE0D2 /* AppDelegate.swift */; };
		A5FC30C21E353913006CE0D2 /* ViewController.swift in Sources */ = {isa = PBXBuildFile; fileRef = A5FC30C11E353913006CE0D2 /* ViewController.swift */; };
		A5FC30C51E353913006CE0D2 /* Main.storyboard in Resources */ = {isa = PBXBuildFile; fileRef = A5FC30C31E353913006CE0D2 /* Main.storyboard */; };
		A5FC30CA1E353913006CE0D2 /* LaunchScreen.storyboard in Resources */ = {isa = PBXBuildFile; fileRef = A5FC30C81E353913006CE0D2 /* LaunchScreen.storyboard */; };
		A5FC30D51E353913006CE0D2 /* You_Are_Awesome_Tests.swift in Sources */ = {isa = PBXBuildFile; fileRef = A5FC30D41E353913006CE0D2 /* You_Are_Awesome_Tests.swift */; };
/* End PBXBuildFile section */

/* Begin PBXContainerItemProxy section */
		A5FC30D11E353913006CE0D2 /* PBXContainerItemProxy */ = {
			isa = PBXContainerItemProxy;
			containerPortal = A5FC30B41E353912006CE0D2 /* Project object */;
			proxyType = 1;
			remoteGlobalIDString = A5FC30BB1E353912006CE0D2;
			remoteInfo = "You Are Awesome!";
		};
/* End PBXContainerItemProxy section */

/* Begin PBXFileReference section */
		A5FC30BC1E353913006CE0D2 /* You Are Awesome!.app */ = {isa = PBXFileReference; explicitFileType = wrapper.application; includeInIndex = 0; path = "You Are Awesome!.app"; sourceTree = BUILT_PRODUCTS_DIR; };
		A5FC30BF1E353913006CE0D2 /* AppDelegate.swift */ = {isa = PBXFileReference; lastKnownFileType = sourcecode.swift; path = AppDelegate.swift; sourceTree = "<group>"; };
		A5FC30C11E353913006CE0D2 /* ViewController.swift */ = {isa = PBXFileReference; lastKnownFileType = sourcecode.swift; path = ViewController.swift; sourceTree = "<group>"; };
		A5FC30C41E353913006CE0D2 /* Base */ = {isa = PBXFileReference; lastKnownFileType = file.storyboard; name = Base; path = Base.lproj/Main.storyboard; sourceTree = "<group>"; };
		A5FC30C61E353913006CE0D2 /* Assets.xcassets */ = {isa = PBXFileReference; lastKnownFileType = folder.assetcatalog; path = Assets.xcassets; sourceTree = "<group>"; };
		A5FC30C91E353913006CE0D2 /* Base */ = {isa = PBXFileReference; lastKnownFileType = file.storyboard; name = Base; path = Base.lproj/LaunchScreen.storyboard; sourceTree = "<group>"; };
		A5FC30CB1E353913006CE0D2 /* Info.plist */ = {isa = PBXFileReference; lastKnownFileType = text.plist.xml; path = Info.plist; sourceTree = "<group>"; };
		A5FC30D01E353913006CE0D2 /* You Are Awesome!Tests.xctest */ = {isa = PBXFileReference; explicitFileType = wrapper.cfbundle; includeInIndex = 0; path = "You Are Awesome!Tests.xctest"; sourceTree = BUILT_PRODUCTS_DIR; };
		A5FC30D41E353913006CE0D2 /* You_Are_Awesome_Tests.swift */ = {isa = PBXFileReference; lastKnownFileType = sourcecode.swift; path = You_Are_Awesome_Tests.swift; sourceTree = "<group>"; };
		A5FC30D61E353913006CE0D2 /* Info.plist */ = {isa = PBXFileReference; lastKnownFileType = text.plist.xml; path = Info.plist; sourceTree = "<group>"; };
/* End PBXFileReference section */

/* Begin PBXFrameworksBuildPhase section */
		A5FC30B91E353912006CE0D2 /* Frameworks */ = {
			isa = PBXFrameworksBuildPhase;
			buildActionMask = 2147483647;
			files = (
			);
			runOnlyForDeploymentPostprocessing = 0;
		};
		A5FC30CD1E353913006CE0D2 /* Frameworks */ = {
			isa = PBXFrameworksBuildPhase;
			buildActionMask = 2147483647;
			files = (
			);
			runOnlyForDeploymentPostprocessing = 0;
		};
/* End PBXFrameworksBuildPhase section */

/* Begin PBXGroup section */
		A5FC30B31E353912006CE0D2 = {
			isa = PBXGroup;
			children = (
				A5FC30BE1E353913006CE0D2 /* You Are Awesome! */,
				A5FC30D31E353913006CE0D2 /* You Are Awesome!Tests */,
				A5FC30BD1E353913006CE0D2 /* Products */,
			);
			sourceTree = "<group>";
		};
		A5FC30BD1E353913006CE0D2 /* Products */ = {
			isa = PBXGroup;
			children = (
				A5FC30BC1E353913006CE0D2 /* You Are Awesome!.app */,
				A5FC30D01E353913006CE0D2 /* You Are Awesome!Tests.xctest */,
			);
			name = Products;
			sourceTree = "<group>";
		};
		A5FC30BE1E353913006CE0D2 /* You Are Awesome! */ = {
			isa = PBXGroup;
			children = (
				A5FC30BF1E353913006CE0D2 /* AppDelegate.swift */,
				A5FC30C11E353913006CE0D2 /* ViewController.swift */,
				A5FC30C31E353913006CE0D2 /* Main.storyboard */,
				A5FC30C61E353913006CE0D2 /* Assets.xcassets */,
				A5FC30C81E353913006CE0D2 /* LaunchScreen.storyboard */,
				A5FC30CB1E353913006CE0D2 /* Info.plist */,
			);
			path = "You Are Awesome!";
			sourceTree = "<group>";
		};
		A5FC30D31E353913006CE0D2 /* You Are Awesome!Tests */ = {
			isa = PBXGroup;
			children = (
				A5FC30D41E353913006CE0D2 /* You_Are_Awesome_Tests.swift */,
				A5FC30D61E353913006CE0D2 /* Info.plist */,
			);
			path = "You Are Awesome!Tests";
			sourceTree = "<group>";
		};
/* End PBXGroup section */

/* Begin PBXNativeTarget section */
		A5FC30BB1E353912006CE0D2 /* You Are Awesome! */ = {
			isa = PBXNativeTarget;
			buildConfigurationList = A5FC30D91E353913006CE0D2 /* Build configuration list for PBXNativeTarget "You Are Awesome!" */;
			buildPhases = (
				A5FC30B81E353912006CE0D2 /* Sources */,
				A5FC30B91E353912006CE0D2 /* Frameworks */,
				A5FC30BA1E353912006CE0D2 /* Resources */,
			);
			buildRules = (
			);
			dependencies = (
			);
			name = "You Are Awesome!";
			productName = "You Are Awesome!";
			productReference = A5FC30BC1E353913006CE0D2 /* You Are Awesome!.app */;
			productType = "com.apple.product-type.application";
		};
		A5FC30CF1E353913006CE0D2 /* You Are Awesome!Tests */ = {
			isa = PBXNativeTarget;
			buildConfigurationList = A5FC30DC1E353913006CE0D2 /* Build configuration list for PBXNativeTarget "You Are Awesome!Tests" */;
			buildPhases = (
				A5FC30CC1E353913006CE0D2 /* Sources */,
				A5FC30CD1E353913006CE0D2 /* Frameworks */,
				A5FC30CE1E353913006CE0D2 /* Resources */,
			);
			buildRules = (
			);
			dependencies = (
				A5FC30D21E353913006CE0D2 /* PBXTargetDependency */,
			);
			name = "You Are Awesome!Tests";
			productName = "You Are Awesome!Tests";
			productReference = A5FC30D01E353913006CE0D2 /* You Are Awesome!Tests.xctest */;
			productType = "com.apple.product-type.bundle.unit-test";
		};
/* End PBXNativeTarget section */

/* Begin PBXProject section */
		A5FC30B41E353912006CE0D2 /* Project object */ = {
			isa = PBXProject;
			attributes = {
				LastSwiftUpdateCheck = 0820;
				LastUpgradeCheck = 0820;
				ORGANIZATIONNAME = "Timothy Linehan";
				TargetAttributes = {
					A5FC30BB1E353912006CE0D2 = {
						CreatedOnToolsVersion = 8.2.1;
						DevelopmentTeam = 5FEDA69Y49;
						ProvisioningStyle = Automatic;
					};
					A5FC30CF1E353913006CE0D2 = {
						CreatedOnToolsVersion = 8.2.1;
						ProvisioningStyle = Automatic;
						TestTargetID = A5FC30BB1E353912006CE0D2;
					};
				};
			};
			buildConfigurationList = A5FC30B71E353912006CE0D2 /* Build configuration list for PBXProject "You Are Awesome!" */;
			compatibilityVersion = "Xcode 3.2";
			developmentRegion = English;
			hasScannedForEncodings = 0;
			knownRegions = (
				en,
				Base,
			);
			mainGroup = A5FC30B31E353912006CE0D2;
			productRefGroup = A5FC30BD1E353913006CE0D2 /* Products */;
			projectDirPath = "";
			projectRoot = "";
			targets = (
				A5FC30BB1E353912006CE0D2 /* You Are Awesome! */,
				A5FC30CF1E353913006CE0D2 /* You Are Awesome!Tests */,
			);
		};
/* End PBXProject section */

/* Begin PBXResourcesBuildPhase section */
		A5FC30BA1E353912006CE0D2 /* Resources */ = {
			isa = PBXResourcesBuildPhase;
			buildActionMask = 2147483647;
			files = (
				A5FC30CA1E353913006CE0D2 /* LaunchScreen.storyboard in Resources */,
				A530DD901E3E9AEA00DAAA02 /* Assets.xcassets in Resources */,
				A5FC30C51E353913006CE0D2 /* Main.storyboard in Resources */,
			);
			runOnlyForDeploymentPostprocessing = 0;
		};
		A5FC30CE1E353913006CE0D2 /* Resources */ = {
			isa = PBXResourcesBuildPhase;
			buildActionMask = 2147483647;
			files = (
			);
			runOnlyForDeploymentPostprocessing = 0;
		};
/* End PBXResourcesBuildPhase section */

/* Begin PBXSourcesBuildPhase section */
		A5FC30B81E353912006CE0D2 /* Sources */ = {
			isa = PBXSourcesBuildPhase;
			buildActionMask = 2147483647;
			files = (
				A5FC30C21E353913006CE0D2 /* ViewController.swift in Sources */,
				A5FC30C01E353913006CE0D2 /* AppDelegate.swift in Sources */,
			);
			runOnlyForDeploymentPostprocessing = 0;
		};
		A5FC30CC1E353913006CE0D2 /* Sources */ = {
			isa = PBXSourcesBuildPhase;
			buildActionMask = 2147483647;
			files = (
				A5FC30D51E353913006CE0D2 /* You_Are_Awesome_Tests.swift in Sources */,
			);
			runOnlyForDeploymentPostprocessing = 0;
		};
/* End PBXSourcesBuildPhase section */

/* Begin PBXTargetDependency section */
		A5FC30D21E353913006CE0D2 /* PBXTargetDependency */ = {
			isa = PBXTargetDependency;
			target = A5FC30BB1E353912006CE0D2 /* You Are Awesome! */;
			targetProxy = A5FC30D11E353913006CE0D2 /* PBXContainerItemProxy */;
		};
/* End PBXTargetDependency section */

/* Begin PBXVariantGroup section */
		A5FC30C31E353913006CE0D2 /* Main.storyboard */ = {
			isa = PBXVariantGroup;
			children = (
				A5FC30C41E353913006CE0D2 /* Base */,
			);
			name = Main.storyboard;
			sourceTree = "<group>";
		};
		A5FC30C81E353913006CE0D2 /* LaunchScreen.storyboard */ = {
			isa = PBXVariantGroup;
			children = (
				A5FC30C91E353913006CE0D2 /* Base */,
			);
			name = LaunchScreen.storyboard;
			sourceTree = "<group>";
		};
/* End PBXVariantGroup section */

/* Begin XCBuildConfiguration section */
		A5FC30D71E353913006CE0D2 /* Debug */ = {
			isa = XCBuildConfiguration;
			buildSettings = {
				ALWAYS_SEARCH_USER_PATHS = NO;
				CLANG_ANALYZER_NONNULL = YES;
				CLANG_CXX_LANGUAGE_STANDARD = "gnu++0x";
				CLANG_CXX_LIBRARY = "libc++";
				CLANG_ENABLE_MODULES = YES;
				CLANG_ENABLE_OBJC_ARC = YES;
				CLANG_WARN_BOOL_CONVERSION = YES;
				CLANG_WARN_CONSTANT_CONVERSION = YES;
				CLANG_WARN_DIRECT_OBJC_ISA_USAGE = YES_ERROR;
				CLANG_WARN_DOCUMENTATION_COMMENTS = YES;
				CLANG_WARN_EMPTY_BODY = YES;
				CLANG_WARN_ENUM_CONVERSION = YES;
				CLANG_WARN_INFINITE_RECURSION = YES;
				CLANG_WARN_INT_CONVERSION = YES;
				CLANG_WARN_OBJC_ROOT_CLASS = YES_ERROR;
				CLANG_WARN_SUSPICIOUS_MOVE = YES;
				CLANG_WARN_UNREACHABLE_CODE = YES;
				CLANG_WARN__DUPLICATE_METHOD_MATCH = YES;
				"CODE_SIGN_IDENTITY[sdk=iphoneos*]" = "iPhone Developer";
				COPY_PHASE_STRIP = NO;
				DEBUG_INFORMATION_FORMAT = dwarf;
				ENABLE_STRICT_OBJC_MSGSEND = YES;
				ENABLE_TESTABILITY = YES;
				GCC_C_LANGUAGE_STANDARD = gnu99;
				GCC_DYNAMIC_NO_PIC = NO;
				GCC_NO_COMMON_BLOCKS = YES;
				GCC_OPTIMIZATION_LEVEL = 0;
				GCC_PREPROCESSOR_DEFINITIONS = (
					"DEBUG=1",
					"$(inherited)",
				);
				GCC_WARN_64_TO_32_BIT_CONVERSION = YES;
				GCC_WARN_ABOUT_RETURN_TYPE = YES_ERROR;
				GCC_WARN_UNDECLARED_SELECTOR = YES;
				GCC_WARN_UNINITIALIZED_AUTOS = YES_AGGRESSIVE;
				GCC_WARN_UNUSED_FUNCTION = YES;
				GCC_WARN_UNUSED_VARIABLE = YES;
				IPHONEOS_DEPLOYMENT_TARGET = 9.0;
				MTL_ENABLE_DEBUG_INFO = YES;
				ONLY_ACTIVE_ARCH = YES;
				SDKROOT = iphoneos;
				SWIFT_ACTIVE_COMPILATION_CONDITIONS = DEBUG;
				SWIFT_OPTIMIZATION_LEVEL = "-Onone";
				TARGETED_DEVICE_FAMILY = "1,2";
			};
			name = Debug;
		};
		A5FC30D81E353913006CE0D2 /* Release */ = {
			isa = XCBuildConfiguration;
			buildSettings = {
				ALWAYS_SEARCH_USER_PATHS = NO;
				CLANG_ANALYZER_NONNULL = YES;
				CLANG_CXX_LANGUAGE_STANDARD = "gnu++0x";
				CLANG_CXX_LIBRARY = "libc++";
				CLANG_ENABLE_MODULES = YES;
				CLANG_ENABLE_OBJC_ARC = YES;
				CLANG_WARN_BOOL_CONVERSION = YES;
				CLANG_WARN_CONSTANT_CONVERSION = YES;
				CLANG_WARN_DIRECT_OBJC_ISA_USAGE = YES_ERROR;
				CLANG_WARN_DOCUMENTATION_COMMENTS = YES;
				CLANG_WARN_EMPTY_BODY = YES;
				CLANG_WARN_ENUM_CONVERSION = YES;
				CLANG_WARN_INFINITE_RECURSION = YES;
				CLANG_WARN_INT_CONVERSION = YES;
				CLANG_WARN_OBJC_ROOT_CLASS = YES_ERROR;
				CLANG_WARN_SUSPICIOUS_MOVE = YES;
				CLANG_WARN_UNREACHABLE_CODE = YES;
				CLANG_WARN__DUPLICATE_METHOD_MATCH = YES;
				"CODE_SIGN_IDENTITY[sdk=iphoneos*]" = "iPhone Developer";
				COPY_PHASE_STRIP = NO;
				DEBUG_INFORMATION_FORMAT = "dwarf-with-dsym";
				ENABLE_NS_ASSERTIONS = NO;
				ENABLE_STRICT_OBJC_MSGSEND = YES;
				GCC_C_LANGUAGE_STANDARD = gnu99;
				GCC_NO_COMMON_BLOCKS = YES;
				GCC_WARN_64_TO_32_BIT_CONVERSION = YES;
				GCC_WARN_ABOUT_RETURN_TYPE = YES_ERROR;
				GCC_WARN_UNDECLARED_SELECTOR = YES;
				GCC_WARN_UNINITIALIZED_AUTOS = YES_AGGRESSIVE;
				GCC_WARN_UNUSED_FUNCTION = YES;
				GCC_WARN_UNUSED_VARIABLE = YES;
				IPHONEOS_DEPLOYMENT_TARGET = 9.0;
				MTL_ENABLE_DEBUG_INFO = NO;
				SDKROOT = iphoneos;
				SWIFT_OPTIMIZATION_LEVEL = "-Owholemodule";
				TARGETED_DEVICE_FAMILY = "1,2";
				VALIDATE_PRODUCT = YES;
			};
			name = Release;
		};
		A5FC30DA1E353913006CE0D2 /* Debug */ = {
			isa = XCBuildConfiguration;
			buildSettings = {
				ASSETCATALOG_COMPILER_APPICON_NAME = AppIcon;
				DEVELOPMENT_TEAM = 5FEDA69Y49;
				INFOPLIST_FILE = "You Are Awesome!/Info.plist";
				IPHONEOS_DEPLOYMENT_TARGET = 9.0;
				LD_RUNPATH_SEARCH_PATHS = "$(inherited) @executable_path/Frameworks";
				PRODUCT_BUNDLE_IDENTIFIER = "com.linehan.You-Are-Awesome-";
				PRODUCT_NAME = "$(TARGET_NAME)";
				SWIFT_VERSION = 3.0;
			};
			name = Debug;
		};
		A5FC30DB1E353913006CE0D2 /* Release */ = {
			isa = XCBuildConfiguration;
			buildSettings = {
				ASSETCATALOG_COMPILER_APPICON_NAME = AppIcon;
				DEVELOPMENT_TEAM = 5FEDA69Y49;
				INFOPLIST_FILE = "You Are Awesome!/Info.plist";
				IPHONEOS_DEPLOYMENT_TARGET = 9.0;
				LD_RUNPATH_SEARCH_PATHS = "$(inherited) @executable_path/Frameworks";
				PRODUCT_BUNDLE_IDENTIFIER = "com.linehan.You-Are-Awesome-";
				PRODUCT_NAME = "$(TARGET_NAME)";
				SWIFT_VERSION = 3.0;
			};
			name = Release;
		};
		A5FC30DD1E353913006CE0D2 /* Debug */ = {
			isa = XCBuildConfiguration;
			buildSettings = {
				ALWAYS_EMBED_SWIFT_STANDARD_LIBRARIES = YES;
				BUNDLE_LOADER = "$(TEST_HOST)";
				INFOPLIST_FILE = "You Are Awesome!Tests/Info.plist";
				LD_RUNPATH_SEARCH_PATHS = "$(inherited) @executable_path/Frameworks @loader_path/Frameworks";
				PRODUCT_BUNDLE_IDENTIFIER = "com.linehan.You-Are-Awesome-Tests";
				PRODUCT_NAME = "$(TARGET_NAME)";
				SWIFT_VERSION = 3.0;
				TEST_HOST = "$(BUILT_PRODUCTS_DIR)/You Are Awesome!.app/You Are Awesome!";
			};
			name = Debug;
		};
		A5FC30DE1E353913006CE0D2 /* Release */ = {
			isa = XCBuildConfiguration;
			buildSettings = {
				ALWAYS_EMBED_SWIFT_STANDARD_LIBRARIES = YES;
				BUNDLE_LOADER = "$(TEST_HOST)";
				INFOPLIST_FILE = "You Are Awesome!Tests/Info.plist";
				LD_RUNPATH_SEARCH_PATHS = "$(inherited) @executable_path/Frameworks @loader_path/Frameworks";
				PRODUCT_BUNDLE_IDENTIFIER = "com.linehan.You-Are-Awesome-Tests";
				PRODUCT_NAME = "$(TARGET_NAME)";
				SWIFT_VERSION = 3.0;
				TEST_HOST = "$(BUILT_PRODUCTS_DIR)/You Are Awesome!.app/You Are Awesome!";
			};
			name = Release;
		};
/* End XCBuildConfiguration section */

/* Begin XCConfigurationList section */
		A5FC30B71E353912006CE0D2 /* Build configuration list for PBXProject "You Are Awesome!" */ = {
			isa = XCConfigurationList;
			buildConfigurations = (
				A5FC30D71E353913006CE0D2 /* Debug */,
				A5FC30D81E353913006CE0D2 /* Release */,
			);
			defaultConfigurationIsVisible = 0;
			defaultConfigurationName = Release;
		};
		A5FC30D91E353913006CE0D2 /* Build configuration list for PBXNativeTarget "You Are Awesome!" */ = {
			isa = XCConfigurationList;
			buildConfigurations = (
				A5FC30DA1E353913006CE0D2 /* Debug */,
				A5FC30DB1E353913006CE0D2 /* Release */,
			);
			defaultConfigurationIsVisible = 0;
			defaultConfigurationName = Release;
		};
		A5FC30DC1E353913006CE0D2 /* Build configuration list for PBXNativeTarget "You Are Awesome!Tests" */ = {
			isa = XCConfigurationList;
			buildConfigurations = (
				A5FC30DD1E353913006CE0D2 /* Debug */,
				A5FC30DE1E353913006CE0D2 /* Release */,
			);
			defaultConfigurationIsVisible = 0;
			defaultConfigurationName = Release;
		};
/* End XCConfigurationList section */
	};
	rootObject = A5FC30B41E353912006CE0D2 /* Project object */;
}
